
Microsoft Visual Studio Solution File, Format Version 12.00
# Visual Studio Version 17
VisualStudioVersion = 17.1.32414.318
MinimumVisualStudioVersion = 10.0.40219.1
Project("{FAE04EC0-301F-11D3-BF4B-00C04F79EFBC}") = "CSEindproject", "CSEindproject\CSEindproject.csproj", "{776254E7-9B45-40F2-A5FB-397D0A1D7AA3}"
EndProject
Global
	GlobalSection(SolutionConfigurationPlatforms) = preSolution
		Debug|Any CPU = Debug|Any CPU
		Release|Any CPU = Release|Any CPU
	EndGlobalSection
	GlobalSection(ProjectConfigurationPlatforms) = postSolution
		{776254E7-9B45-40F2-A5FB-397D0A1D7AA3}.Debug|Any CPU.ActiveCfg = Debug|Any CPU
		{776254E7-9B45-40F2-A5FB-397D0A1D7AA3}.Debug|Any CPU.Build.0 = Debug|Any CPU
		{776254E7-9B45-40F2-A5FB-397D0A1D7AA3}.Release|Any CPU.ActiveCfg = Release|Any CPU
		{776254E7-9B45-40F2-A5FB-397D0A1D7AA3}.Release|Any CPU.Build.0 = Release|Any CPU
	EndGlobalSection
	GlobalSection(SolutionProperties) = preSolution
		HideSolutionNode = FALSE
	EndGlobalSection
	GlobalSection(ExtensibilityGlobals) = postSolution
		SolutionGuid = {7F25887A-591F-4CC0-B52F-E0D590B19D67}
	EndGlobalSection
EndGlobal
